
Microsoft Visual Studio Solution File, Format Version 12.00
# Visual Studio Version 17
VisualStudioVersion = 17.3.32929.385
MinimumVisualStudioVersion = 10.0.40219.1
Project("{FAE04EC0-301F-11D3-BF4B-00C04F79EFBC}") = "lesson 16", "lesson 16\lesson 16.csproj", "{857385C0-B921-4886-BE68-69DF13EF4F2D}"
EndProject
Global
	GlobalSection(SolutionConfigurationPlatforms) = preSolution
		Debug|Any CPU = Debug|Any CPU
		Release|Any CPU = Release|Any CPU
	EndGlobalSection
	GlobalSection(ProjectConfigurationPlatforms) = postSolution
		{857385C0-B921-4886-BE68-69DF13EF4F2D}.Debug|Any CPU.ActiveCfg = Debug|Any CPU
		{857385C0-B921-4886-BE68-69DF13EF4F2D}.Debug|Any CPU.Build.0 = Debug|Any CPU
		{857385C0-B921-4886-BE68-69DF13EF4F2D}.Release|Any CPU.ActiveCfg = Release|Any CPU
		{857385C0-B921-4886-BE68-69DF13EF4F2D}.Release|Any CPU.Build.0 = Release|Any CPU
	EndGlobalSection
	GlobalSection(SolutionProperties) = preSolution
		HideSolutionNode = FALSE
	EndGlobalSection
	GlobalSection(ExtensibilityGlobals) = postSolution
		SolutionGuid = {4DBC41EB-A8F3-45D7-8DD7-CC821F7A3B44}
	EndGlobalSection
EndGlobal
